
Microsoft Visual Studio Solution File, Format Version 12.00
# Visual Studio 15
VisualStudioVersion = 15.0.28307.271
MinimumVisualStudioVersion = 10.0.40219.1
Project("{FAE04EC0-301F-11D3-BF4B-00C04F79EFBC}") = "ExCarro", "ExCarro\ExCarro.csproj", "{9995371E-916F-4EF2-875A-D094144E44A0}"
EndProject
Global
	GlobalSection(SolutionConfigurationPlatforms) = preSolution
		Debug|Any CPU = Debug|Any CPU
		Release|Any CPU = Release|Any CPU
	EndGlobalSection
	GlobalSection(ProjectConfigurationPlatforms) = postSolution
		{9995371E-916F-4EF2-875A-D094144E44A0}.Debug|Any CPU.ActiveCfg = Debug|Any CPU
		{9995371E-916F-4EF2-875A-D094144E44A0}.Debug|Any CPU.Build.0 = Debug|Any CPU
		{9995371E-916F-4EF2-875A-D094144E44A0}.Release|Any CPU.ActiveCfg = Release|Any CPU
		{9995371E-916F-4EF2-875A-D094144E44A0}.Release|Any CPU.Build.0 = Release|Any CPU
	EndGlobalSection
	GlobalSection(SolutionProperties) = preSolution
		HideSolutionNode = FALSE
	EndGlobalSection
	GlobalSection(ExtensibilityGlobals) = postSolution
		SolutionGuid = {4FC5EC4F-93BB-4EA1-A387-A269F6F7634A}
	EndGlobalSection
EndGlobal
